// !$*UTF8*$!
{
	archiveVersion = 1;
	classes = {
	};
	objectVersion = 46;
	objects = {

/* Begin PBXBuildFile section */
		B1A17A931D17131800A2AF2C /* PhotoTransition.swift in Sources */ = {isa = PBXBuildFile; fileRef = B1A17A921D17131800A2AF2C /* PhotoTransition.swift */; };
		B1EB88751D1706F10065EAAB /* AppDelegate.swift in Sources */ = {isa = PBXBuildFile; fileRef = B1EB88741D1706F10065EAAB /* AppDelegate.swift */; };
		B1EB88771D1706F10065EAAB /* ViewController.swift in Sources */ = {isa = PBXBuildFile; fileRef = B1EB88761D1706F10065EAAB /* ViewController.swift */; };
		B1EB888A1D1706F10065EAAB /* facebookPhotoTests.swift in Sources */ = {isa = PBXBuildFile; fileRef = B1EB88891D1706F10065EAAB /* facebookPhotoTests.swift */; };
		B1EB88951D1706F10065EAAB /* facebookPhotoUITests.swift in Sources */ = {isa = PBXBuildFile; fileRef = B1EB88941D1706F10065EAAB /* facebookPhotoUITests.swift */; };
		B1EB88A31D1707330065EAAB /* Main.storyboard in Resources */ = {isa = PBXBuildFile; fileRef = B1EB88A21D1707330065EAAB /* Main.storyboard */; };
		B1EB88A51D1707520065EAAB /* LaunchScreen.storyboard in Resources */ = {isa = PBXBuildFile; fileRef = B1EB88A41D1707520065EAAB /* LaunchScreen.storyboard */; };
		B1EB88A71D17077E0065EAAB /* Assets.xcassets in Resources */ = {isa = PBXBuildFile; fileRef = B1EB88A61D17077E0065EAAB /* Assets.xcassets */; };
		B1EB88B31D1707930065EAAB /* CheckinViewController.swift in Sources */ = {isa = PBXBuildFile; fileRef = B1EB88A81D1707930065EAAB /* CheckinViewController.swift */; };
		B1EB88B41D1707930065EAAB /* Common.swift in Sources */ = {isa = PBXBuildFile; fileRef = B1EB88A91D1707930065EAAB /* Common.swift */; };
		B1EB88B51D1707930065EAAB /* FeedViewController.swift in Sources */ = {isa = PBXBuildFile; fileRef = B1EB88AA1D1707930065EAAB /* FeedViewController.swift */; };
		B1EB88B61D1707930065EAAB /* LoginViewController.swift in Sources */ = {isa = PBXBuildFile; fileRef = B1EB88AB1D1707930065EAAB /* LoginViewController.swift */; };
		B1EB88B71D1707930065EAAB /* MessagesViewController.swift in Sources */ = {isa = PBXBuildFile; fileRef = B1EB88AC1D1707930065EAAB /* MessagesViewController.swift */; };
		B1EB88B81D1707930065EAAB /* MoreViewController.swift in Sources */ = {isa = PBXBuildFile; fileRef = B1EB88AD1D1707930065EAAB /* MoreViewController.swift */; };
		B1EB88B91D1707930065EAAB /* NotificationsViewController.swift in Sources */ = {isa = PBXBuildFile; fileRef = B1EB88AE1D1707930065EAAB /* NotificationsViewController.swift */; };
		B1EB88BA1D1707930065EAAB /* PhotoViewController.swift in Sources */ = {isa = PBXBuildFile; fileRef = B1EB88AF1D1707930065EAAB /* PhotoViewController.swift */; };
		B1EB88BB1D1707930065EAAB /* RequestsViewController.swift in Sources */ = {isa = PBXBuildFile; fileRef = B1EB88B01D1707930065EAAB /* RequestsViewController.swift */; };
		B1EB88BC1D1707930065EAAB /* StatusViewController.swift in Sources */ = {isa = PBXBuildFile; fileRef = B1EB88B11D1707930065EAAB /* StatusViewController.swift */; };
		B1EB88BD1D1707930065EAAB /* ThrillistDetailViewController.swift in Sources */ = {isa = PBXBuildFile; fileRef = B1EB88B21D1707930065EAAB /* ThrillistDetailViewController.swift */; };
		B1EB88C01D17129E0065EAAB /* BaseTransition.swift in Sources */ = {isa = PBXBuildFile; fileRef = B1EB88BE1D17129E0065EAAB /* BaseTransition.swift */; };
		B1EB88C11D17129E0065EAAB /* FadeTransition.swift in Sources */ = {isa = PBXBuildFile; fileRef = B1EB88BF1D17129E0065EAAB /* FadeTransition.swift */; };
/* End PBXBuildFile section */

/* Begin PBXContainerItemProxy section */
		B1EB88861D1706F10065EAAB /* PBXContainerItemProxy */ = {
			isa = PBXContainerItemProxy;
			containerPortal = B1EB88691D1706F10065EAAB /* Project object */;
			proxyType = 1;
			remoteGlobalIDString = B1EB88701D1706F10065EAAB;
			remoteInfo = facebookPhoto;
		};
		B1EB88911D1706F10065EAAB /* PBXContainerItemProxy */ = {
			isa = PBXContainerItemProxy;
			containerPortal = B1EB88691D1706F10065EAAB /* Project object */;
			proxyType = 1;
			remoteGlobalIDString = B1EB88701D1706F10065EAAB;
			remoteInfo = facebookPhoto;
		};
/* End PBXContainerItemProxy section */

/* Begin PBXFileReference section */
		B1A17A921D17131800A2AF2C /* PhotoTransition.swift */ = {isa = PBXFileReference; fileEncoding = 4; lastKnownFileType = sourcecode.swift; path = PhotoTransition.swift; sourceTree = "<group>"; };
		B1EB88711D1706F10065EAAB /* facebookPhoto.app */ = {isa = PBXFileReference; explicitFileType = wrapper.application; includeInIndex = 0; path = facebookPhoto.app; sourceTree = BUILT_PRODUCTS_DIR; };
		B1EB88741D1706F10065EAAB /* AppDelegate.swift */ = {isa = PBXFileReference; lastKnownFileType = sourcecode.swift; path = AppDelegate.swift; sourceTree = "<group>"; };
		B1EB88761D1706F10065EAAB /* ViewController.swift */ = {isa = PBXFileReference; lastKnownFileType = sourcecode.swift; path = ViewController.swift; sourceTree = "<group>"; };
		B1EB88801D1706F10065EAAB /* Info.plist */ = {isa = PBXFileReference; lastKnownFileType = text.plist.xml; path = Info.plist; sourceTree = "<group>"; };
		B1EB88851D1706F10065EAAB /* facebookPhotoTests.xctest */ = {isa = PBXFileReference; explicitFileType = wrapper.cfbundle; includeInIndex = 0; path = facebookPhotoTests.xctest; sourceTree = BUILT_PRODUCTS_DIR; };
		B1EB88891D1706F10065EAAB /* facebookPhotoTests.swift */ = {isa = PBXFileReference; lastKnownFileType = sourcecode.swift; path = facebookPhotoTests.swift; sourceTree = "<group>"; };
		B1EB888B1D1706F10065EAAB /* Info.plist */ = {isa = PBXFileReference; lastKnownFileType = text.plist.xml; path = Info.plist; sourceTree = "<group>"; };
		B1EB88901D1706F10065EAAB /* facebookPhotoUITests.xctest */ = {isa = PBXFileReference; explicitFileType = wrapper.cfbundle; includeInIndex = 0; path = facebookPhotoUITests.xctest; sourceTree = BUILT_PRODUCTS_DIR; };
		B1EB88941D1706F10065EAAB /* facebookPhotoUITests.swift */ = {isa = PBXFileReference; lastKnownFileType = sourcecode.swift; path = facebookPhotoUITests.swift; sourceTree = "<group>"; };
		B1EB88961D1706F10065EAAB /* Info.plist */ = {isa = PBXFileReference; lastKnownFileType = text.plist.xml; path = Info.plist; sourceTree = "<group>"; };
		B1EB88A21D1707330065EAAB /* Main.storyboard */ = {isa = PBXFileReference; fileEncoding = 4; lastKnownFileType = file.storyboard; path = Main.storyboard; sourceTree = "<group>"; };
		B1EB88A41D1707520065EAAB /* LaunchScreen.storyboard */ = {isa = PBXFileReference; fileEncoding = 4; lastKnownFileType = file.storyboard; path = LaunchScreen.storyboard; sourceTree = "<group>"; };
		B1EB88A61D17077E0065EAAB /* Assets.xcassets */ = {isa = PBXFileReference; lastKnownFileType = folder.assetcatalog; path = Assets.xcassets; sourceTree = "<group>"; };
		B1EB88A81D1707930065EAAB /* CheckinViewController.swift */ = {isa = PBXFileReference; fileEncoding = 4; lastKnownFileType = sourcecode.swift; path = CheckinViewController.swift; sourceTree = "<group>"; };
		B1EB88A91D1707930065EAAB /* Common.swift */ = {isa = PBXFileReference; fileEncoding = 4; lastKnownFileType = sourcecode.swift; path = Common.swift; sourceTree = "<group>"; };
		B1EB88AA1D1707930065EAAB /* FeedViewController.swift */ = {isa = PBXFileReference; fileEncoding = 4; lastKnownFileType = sourcecode.swift; path = FeedViewController.swift; sourceTree = "<group>"; };
		B1EB88AB1D1707930065EAAB /* LoginViewController.swift */ = {isa = PBXFileReference; fileEncoding = 4; lastKnownFileType = sourcecode.swift; path = LoginViewController.swift; sourceTree = "<group>"; };
		B1EB88AC1D1707930065EAAB /* MessagesViewController.swift */ = {isa = PBXFileReference; fileEncoding = 4; lastKnownFileType = sourcecode.swift; path = MessagesViewController.swift; sourceTree = "<group>"; };
		B1EB88AD1D1707930065EAAB /* MoreViewController.swift */ = {isa = PBXFileReference; fileEncoding = 4; lastKnownFileType = sourcecode.swift; path = MoreViewController.swift; sourceTree = "<group>"; };
		B1EB88AE1D1707930065EAAB /* NotificationsViewController.swift */ = {isa = PBXFileReference; fileEncoding = 4; lastKnownFileType = sourcecode.swift; path = NotificationsViewController.swift; sourceTree = "<group>"; };
		B1EB88AF1D1707930065EAAB /* PhotoViewController.swift */ = {isa = PBXFileReference; fileEncoding = 4; lastKnownFileType = sourcecode.swift; path = PhotoViewController.swift; sourceTree = "<group>"; };
		B1EB88B01D1707930065EAAB /* RequestsViewController.swift */ = {isa = PBXFileReference; fileEncoding = 4; lastKnownFileType = sourcecode.swift; path = RequestsViewController.swift; sourceTree = "<group>"; };
		B1EB88B11D1707930065EAAB /* StatusViewController.swift */ = {isa = PBXFileReference; fileEncoding = 4; lastKnownFileType = sourcecode.swift; path = StatusViewController.swift; sourceTree = "<group>"; };
		B1EB88B21D1707930065EAAB /* ThrillistDetailViewController.swift */ = {isa = PBXFileReference; fileEncoding = 4; lastKnownFileType = sourcecode.swift; path = ThrillistDetailViewController.swift; sourceTree = "<group>"; };
		B1EB88BE1D17129E0065EAAB /* BaseTransition.swift */ = {isa = PBXFileReference; fileEncoding = 4; lastKnownFileType = sourcecode.swift; path = BaseTransition.swift; sourceTree = "<group>"; };
		B1EB88BF1D17129E0065EAAB /* FadeTransition.swift */ = {isa = PBXFileReference; fileEncoding = 4; lastKnownFileType = sourcecode.swift; path = FadeTransition.swift; sourceTree = "<group>"; };
/* End PBXFileReference section */

/* Begin PBXFrameworksBuildPhase section */
		B1EB886E1D1706F10065EAAB /* Frameworks */ = {
			isa = PBXFrameworksBuildPhase;
			buildActionMask = 2147483647;
			files = (
			);
			runOnlyForDeploymentPostprocessing = 0;
		};
		B1EB88821D1706F10065EAAB /* Frameworks */ = {
			isa = PBXFrameworksBuildPhase;
			buildActionMask = 2147483647;
			files = (
			);
			runOnlyForDeploymentPostprocessing = 0;
		};
		B1EB888D1D1706F10065EAAB /* Frameworks */ = {
			isa = PBXFrameworksBuildPhase;
			buildActionMask = 2147483647;
			files = (
			);
			runOnlyForDeploymentPostprocessing = 0;
		};
/* End PBXFrameworksBuildPhase section */

/* Begin PBXGroup section */
		B1EB88681D1706F10065EAAB = {
			isa = PBXGroup;
			children = (
				B1EB88731D1706F10065EAAB /* facebookPhoto */,
				B1EB88881D1706F10065EAAB /* facebookPhotoTests */,
				B1EB88931D1706F10065EAAB /* facebookPhotoUITests */,
				B1EB88721D1706F10065EAAB /* Products */,
			);
			sourceTree = "<group>";
		};
		B1EB88721D1706F10065EAAB /* Products */ = {
			isa = PBXGroup;
			children = (
				B1EB88711D1706F10065EAAB /* facebookPhoto.app */,
				B1EB88851D1706F10065EAAB /* facebookPhotoTests.xctest */,
				B1EB88901D1706F10065EAAB /* facebookPhotoUITests.xctest */,
			);
			name = Products;
			sourceTree = "<group>";
		};
		B1EB88731D1706F10065EAAB /* facebookPhoto */ = {
			isa = PBXGroup;
			children = (
				B1EB88741D1706F10065EAAB /* AppDelegate.swift */,
				B1EB88761D1706F10065EAAB /* ViewController.swift */,
				B1EB88A21D1707330065EAAB /* Main.storyboard */,
				B1EB88A61D17077E0065EAAB /* Assets.xcassets */,
				B1EB88A41D1707520065EAAB /* LaunchScreen.storyboard */,
				B1EB88A81D1707930065EAAB /* CheckinViewController.swift */,
				B1EB88A91D1707930065EAAB /* Common.swift */,
				B1EB88BE1D17129E0065EAAB /* BaseTransition.swift */,
				B1EB88BF1D17129E0065EAAB /* FadeTransition.swift */,
				B1A17A921D17131800A2AF2C /* PhotoTransition.swift */,
				B1EB88AA1D1707930065EAAB /* FeedViewController.swift */,
				B1EB88AB1D1707930065EAAB /* LoginViewController.swift */,
				B1EB88AC1D1707930065EAAB /* MessagesViewController.swift */,
				B1EB88AD1D1707930065EAAB /* MoreViewController.swift */,
				B1EB88AE1D1707930065EAAB /* NotificationsViewController.swift */,
				B1EB88AF1D1707930065EAAB /* PhotoViewController.swift */,
				B1EB88B01D1707930065EAAB /* RequestsViewController.swift */,
				B1EB88B11D1707930065EAAB /* StatusViewController.swift */,
				B1EB88B21D1707930065EAAB /* ThrillistDetailViewController.swift */,
				B1EB88801D1706F10065EAAB /* Info.plist */,
			);
			path = facebookPhoto;
			sourceTree = "<group>";
		};
		B1EB88881D1706F10065EAAB /* facebookPhotoTests */ = {
			isa = PBXGroup;
			children = (
				B1EB88891D1706F10065EAAB /* facebookPhotoTests.swift */,
				B1EB888B1D1706F10065EAAB /* Info.plist */,
			);
			path = facebookPhotoTests;
			sourceTree = "<group>";
		};
		B1EB88931D1706F10065EAAB /* facebookPhotoUITests */ = {
			isa = PBXGroup;
			children = (
				B1EB88941D1706F10065EAAB /* facebookPhotoUITests.swift */,
				B1EB88961D1706F10065EAAB /* Info.plist */,
			);
			path = facebookPhotoUITests;
			sourceTree = "<group>";
		};
/* End PBXGroup section */

/* Begin PBXNativeTarget section */
		B1EB88701D1706F10065EAAB /* facebookPhoto */ = {
			isa = PBXNativeTarget;
			buildConfigurationList = B1EB88991D1706F10065EAAB /* Build configuration list for PBXNativeTarget "facebookPhoto" */;
			buildPhases = (
				B1EB886D1D1706F10065EAAB /* Sources */,
				B1EB886E1D1706F10065EAAB /* Frameworks */,
				B1EB886F1D1706F10065EAAB /* Resources */,
			);
			buildRules = (
			);
			dependencies = (
			);
			name = facebookPhoto;
			productName = facebookPhoto;
			productReference = B1EB88711D1706F10065EAAB /* facebookPhoto.app */;
			productType = "com.apple.product-type.application";
		};
		B1EB88841D1706F10065EAAB /* facebookPhotoTests */ = {
			isa = PBXNativeTarget;
			buildConfigurationList = B1EB889C1D1706F10065EAAB /* Build configuration list for PBXNativeTarget "facebookPhotoTests" */;
			buildPhases = (
				B1EB88811D1706F10065EAAB /* Sources */,
				B1EB88821D1706F10065EAAB /* Frameworks */,
				B1EB88831D1706F10065EAAB /* Resources */,
			);
			buildRules = (
			);
			dependencies = (
				B1EB88871D1706F10065EAAB /* PBXTargetDependency */,
			);
			name = facebookPhotoTests;
			productName = facebookPhotoTests;
			productReference = B1EB88851D1706F10065EAAB /* facebookPhotoTests.xctest */;
			productType = "com.apple.product-type.bundle.unit-test";
		};
		B1EB888F1D1706F10065EAAB /* facebookPhotoUITests */ = {
			isa = PBXNativeTarget;
			buildConfigurationList = B1EB889F1D1706F10065EAAB /* Build configuration list for PBXNativeTarget "facebookPhotoUITests" */;
			buildPhases = (
				B1EB888C1D1706F10065EAAB /* Sources */,
				B1EB888D1D1706F10065EAAB /* Frameworks */,
				B1EB888E1D1706F10065EAAB /* Resources */,
			);
			buildRules = (
			);
			dependencies = (
				B1EB88921D1706F10065EAAB /* PBXTargetDependency */,
			);
			name = facebookPhotoUITests;
			productName = facebookPhotoUITests;
			productReference = B1EB88901D1706F10065EAAB /* facebookPhotoUITests.xctest */;
			productType = "com.apple.product-type.bundle.ui-testing";
		};
/* End PBXNativeTarget section */

/* Begin PBXProject section */
		B1EB88691D1706F10065EAAB /* Project object */ = {
			isa = PBXProject;
			attributes = {
				LastSwiftUpdateCheck = 0720;
				LastUpgradeCheck = 0720;
				ORGANIZATIONNAME = "Nicholas Wallen";
				TargetAttributes = {
					B1EB88701D1706F10065EAAB = {
						CreatedOnToolsVersion = 7.2.1;
					};
					B1EB88841D1706F10065EAAB = {
						CreatedOnToolsVersion = 7.2.1;
						TestTargetID = B1EB88701D1706F10065EAAB;
					};
					B1EB888F1D1706F10065EAAB = {
						CreatedOnToolsVersion = 7.2.1;
						TestTargetID = B1EB88701D1706F10065EAAB;
					};
				};
			};
			buildConfigurationList = B1EB886C1D1706F10065EAAB /* Build configuration list for PBXProject "facebookPhoto" */;
			compatibilityVersion = "Xcode 3.2";
			developmentRegion = English;
			hasScannedForEncodings = 0;
			knownRegions = (
				en,
				Base,
			);
			mainGroup = B1EB88681D1706F10065EAAB;
			productRefGroup = B1EB88721D1706F10065EAAB /* Products */;
			projectDirPath = "";
			projectRoot = "";
			targets = (
				B1EB88701D1706F10065EAAB /* facebookPhoto */,
				B1EB88841D1706F10065EAAB /* facebookPhotoTests */,
				B1EB888F1D1706F10065EAAB /* facebookPhotoUITests */,
			);
		};
/* End PBXProject section */

/* Begin PBXResourcesBuildPhase section */
		B1EB886F1D1706F10065EAAB /* Resources */ = {
			isa = PBXResourcesBuildPhase;
			buildActionMask = 2147483647;
			files = (
				B1EB88A51D1707520065EAAB /* LaunchScreen.storyboard in Resources */,
				B1EB88A71D17077E0065EAAB /* Assets.xcassets in Resources */,
				B1EB88A31D1707330065EAAB /* Main.storyboard in Resources */,
			);
			runOnlyForDeploymentPostprocessing = 0;
		};
		B1EB88831D1706F10065EAAB /* Resources */ = {
			isa = PBXResourcesBuildPhase;
			buildActionMask = 2147483647;
			files = (
			);
			runOnlyForDeploymentPostprocessing = 0;
		};
		B1EB888E1D1706F10065EAAB /* Resources */ = {
			isa = PBXResourcesBuildPhase;
			buildActionMask = 2147483647;
			files = (
			);
			runOnlyForDeploymentPostprocessing = 0;
		};
/* End PBXResourcesBuildPhase section */

/* Begin PBXSourcesBuildPhase section */
		B1EB886D1D1706F10065EAAB /* Sources */ = {
			isa = PBXSourcesBuildPhase;
			buildActionMask = 2147483647;
			files = (
				B1EB88B91D1707930065EAAB /* NotificationsViewController.swift in Sources */,
				B1EB88C11D17129E0065EAAB /* FadeTransition.swift in Sources */,
				B1EB88B61D1707930065EAAB /* LoginViewController.swift in Sources */,
				B1EB88BB1D1707930065EAAB /* RequestsViewController.swift in Sources */,
				B1EB88C01D17129E0065EAAB /* BaseTransition.swift in Sources */,
				B1A17A931D17131800A2AF2C /* PhotoTransition.swift in Sources */,
				B1EB88B71D1707930065EAAB /* MessagesViewController.swift in Sources */,
				B1EB88BC1D1707930065EAAB /* StatusViewController.swift in Sources */,
				B1EB88B41D1707930065EAAB /* Common.swift in Sources */,
				B1EB88771D1706F10065EAAB /* ViewController.swift in Sources */,
				B1EB88B51D1707930065EAAB /* FeedViewController.swift in Sources */,
				B1EB88B81D1707930065EAAB /* MoreViewController.swift in Sources */,
				B1EB88BD1D1707930065EAAB /* ThrillistDetailViewController.swift in Sources */,
				B1EB88B31D1707930065EAAB /* CheckinViewController.swift in Sources */,
				B1EB88751D1706F10065EAAB /* AppDelegate.swift in Sources */,
				B1EB88BA1D1707930065EAAB /* PhotoViewController.swift in Sources */,
			);
			runOnlyForDeploymentPostprocessing = 0;
		};
		B1EB88811D1706F10065EAAB /* Sources */ = {
			isa = PBXSourcesBuildPhase;
			buildActionMask = 2147483647;
			files = (
				B1EB888A1D1706F10065EAAB /* facebookPhotoTests.swift in Sources */,
			);
			runOnlyForDeploymentPostprocessing = 0;
		};
		B1EB888C1D1706F10065EAAB /* Sources */ = {
			isa = PBXSourcesBuildPhase;
			buildActionMask = 2147483647;
			files = (
				B1EB88951D1706F10065EAAB /* facebookPhotoUITests.swift in Sources */,
			);
			runOnlyForDeploymentPostprocessing = 0;
		};
/* End PBXSourcesBuildPhase section */

/* Begin PBXTargetDependency section */
		B1EB88871D1706F10065EAAB /* PBXTargetDependency */ = {
			isa = PBXTargetDependency;
			target = B1EB88701D1706F10065EAAB /* facebookPhoto */;
			targetProxy = B1EB88861D1706F10065EAAB /* PBXContainerItemProxy */;
		};
		B1EB88921D1706F10065EAAB /* PBXTargetDependency */ = {
			isa = PBXTargetDependency;
			target = B1EB88701D1706F10065EAAB /* facebookPhoto */;
			targetProxy = B1EB88911D1706F10065EAAB /* PBXContainerItemProxy */;
		};
/* End PBXTargetDependency section */

/* Begin XCBuildConfiguration section */
		B1EB88971D1706F10065EAAB /* Debug */ = {
			isa = XCBuildConfiguration;
			buildSettings = {
				ALWAYS_SEARCH_USER_PATHS = NO;
				CLANG_CXX_LANGUAGE_STANDARD = "gnu++0x";
				CLANG_CXX_LIBRARY = "libc++";
				CLANG_ENABLE_MODULES = YES;
				CLANG_ENABLE_OBJC_ARC = YES;
				CLANG_WARN_BOOL_CONVERSION = YES;
				CLANG_WARN_CONSTANT_CONVERSION = YES;
				CLANG_WARN_DIRECT_OBJC_ISA_USAGE = YES_ERROR;
				CLANG_WARN_EMPTY_BODY = YES;
				CLANG_WARN_ENUM_CONVERSION = YES;
				CLANG_WARN_INT_CONVERSION = YES;
				CLANG_WARN_OBJC_ROOT_CLASS = YES_ERROR;
				CLANG_WARN_UNREACHABLE_CODE = YES;
				CLANG_WARN__DUPLICATE_METHOD_MATCH = YES;
				"CODE_SIGN_IDENTITY[sdk=iphoneos*]" = "iPhone Developer";
				COPY_PHASE_STRIP = NO;
				DEBUG_INFORMATION_FORMAT = dwarf;
				ENABLE_STRICT_OBJC_MSGSEND = YES;
				ENABLE_TESTABILITY = YES;
				GCC_C_LANGUAGE_STANDARD = gnu99;
				GCC_DYNAMIC_NO_PIC = NO;
				GCC_NO_COMMON_BLOCKS = YES;
				GCC_OPTIMIZATION_LEVEL = 0;
				GCC_PREPROCESSOR_DEFINITIONS = (
					"DEBUG=1",
					"$(inherited)",
				);
				GCC_WARN_64_TO_32_BIT_CONVERSION = YES;
				GCC_WARN_ABOUT_RETURN_TYPE = YES_ERROR;
				GCC_WARN_UNDECLARED_SELECTOR = YES;
				GCC_WARN_UNINITIALIZED_AUTOS = YES_AGGRESSIVE;
				GCC_WARN_UNUSED_FUNCTION = YES;
				GCC_WARN_UNUSED_VARIABLE = YES;
				IPHONEOS_DEPLOYMENT_TARGET = 9.2;
				MTL_ENABLE_DEBUG_INFO = YES;
				ONLY_ACTIVE_ARCH = YES;
				SDKROOT = iphoneos;
				SWIFT_OPTIMIZATION_LEVEL = "-Onone";
			};
			name = Debug;
		};
		B1EB88981D1706F10065EAAB /* Release */ = {
			isa = XCBuildConfiguration;
			buildSettings = {
				ALWAYS_SEARCH_USER_PATHS = NO;
				CLANG_CXX_LANGUAGE_STANDARD = "gnu++0x";
				CLANG_CXX_LIBRARY = "libc++";
				CLANG_ENABLE_MODULES = YES;
				CLANG_ENABLE_OBJC_ARC = YES;
				CLANG_WARN_BOOL_CONVERSION = YES;
				CLANG_WARN_CONSTANT_CONVERSION = YES;
				CLANG_WARN_DIRECT_OBJC_ISA_USAGE = YES_ERROR;
				CLANG_WARN_EMPTY_BODY = YES;
				CLANG_WARN_ENUM_CONVERSION = YES;
				CLANG_WARN_INT_CONVERSION = YES;
				CLANG_WARN_OBJC_ROOT_CLASS = YES_ERROR;
				CLANG_WARN_UNREACHABLE_CODE = YES;
				CLANG_WARN__DUPLICATE_METHOD_MATCH = YES;
				"CODE_SIGN_IDENTITY[sdk=iphoneos*]" = "iPhone Developer";
				COPY_PHASE_STRIP = NO;
				DEBUG_INFORMATION_FORMAT = "dwarf-with-dsym";
				ENABLE_NS_ASSERTIONS = NO;
				ENABLE_STRICT_OBJC_MSGSEND = YES;
				GCC_C_LANGUAGE_STANDARD = gnu99;
				GCC_NO_COMMON_BLOCKS = YES;
				GCC_WARN_64_TO_32_BIT_CONVERSION = YES;
				GCC_WARN_ABOUT_RETURN_TYPE = YES_ERROR;
				GCC_WARN_UNDECLARED_SELECTOR = YES;
				GCC_WARN_UNINITIALIZED_AUTOS = YES_AGGRESSIVE;
				GCC_WARN_UNUSED_FUNCTION = YES;
				GCC_WARN_UNUSED_VARIABLE = YES;
				IPHONEOS_DEPLOYMENT_TARGET = 9.2;
				MTL_ENABLE_DEBUG_INFO = NO;
				SDKROOT = iphoneos;
				VALIDATE_PRODUCT = YES;
			};
			name = Release;
		};
		B1EB889A1D1706F10065EAAB /* Debug */ = {
			isa = XCBuildConfiguration;
			buildSettings = {
				ASSETCATALOG_COMPILER_APPICON_NAME = AppIcon;
				INFOPLIST_FILE = facebookPhoto/Info.plist;
				LD_RUNPATH_SEARCH_PATHS = "$(inherited) @executable_path/Frameworks";
				PRODUCT_BUNDLE_IDENTIFIER = com.nicholaswallen.facebookPhoto;
				PRODUCT_NAME = "$(TARGET_NAME)";
			};
			name = Debug;
		};
		B1EB889B1D1706F10065EAAB /* Release */ = {
			isa = XCBuildConfiguration;
			buildSettings = {
				ASSETCATALOG_COMPILER_APPICON_NAME = AppIcon;
				INFOPLIST_FILE = facebookPhoto/Info.plist;
				LD_RUNPATH_SEARCH_PATHS = "$(inherited) @executable_path/Frameworks";
				PRODUCT_BUNDLE_IDENTIFIER = com.nicholaswallen.facebookPhoto;
				PRODUCT_NAME = "$(TARGET_NAME)";
			};
			name = Release;
		};
		B1EB889D1D1706F10065EAAB /* Debug */ = {
			isa = XCBuildConfiguration;
			buildSettings = {
				BUNDLE_LOADER = "$(TEST_HOST)";
				INFOPLIST_FILE = facebookPhotoTests/Info.plist;
				LD_RUNPATH_SEARCH_PATHS = "$(inherited) @executable_path/Frameworks @loader_path/Frameworks";
				PRODUCT_BUNDLE_IDENTIFIER = com.nicholaswallen.facebookPhotoTests;
				PRODUCT_NAME = "$(TARGET_NAME)";
				TEST_HOST = "$(BUILT_PRODUCTS_DIR)/facebookPhoto.app/facebookPhoto";
			};
			name = Debug;
		};
		B1EB889E1D1706F10065EAAB /* Release */ = {
			isa = XCBuildConfiguration;
			buildSettings = {
				BUNDLE_LOADER = "$(TEST_HOST)";
				INFOPLIST_FILE = facebookPhotoTests/Info.plist;
				LD_RUNPATH_SEARCH_PATHS = "$(inherited) @executable_path/Frameworks @loader_path/Frameworks";
				PRODUCT_BUNDLE_IDENTIFIER = com.nicholaswallen.facebookPhotoTests;
				PRODUCT_NAME = "$(TARGET_NAME)";
				TEST_HOST = "$(BUILT_PRODUCTS_DIR)/facebookPhoto.app/facebookPhoto";
			};
			name = Release;
		};
		B1EB88A01D1706F10065EAAB /* Debug */ = {
			isa = XCBuildConfiguration;
			buildSettings = {
				INFOPLIST_FILE = facebookPhotoUITests/Info.plist;
				LD_RUNPATH_SEARCH_PATHS = "$(inherited) @executable_path/Frameworks @loader_path/Frameworks";
				PRODUCT_BUNDLE_IDENTIFIER = com.nicholaswallen.facebookPhotoUITests;
				PRODUCT_NAME = "$(TARGET_NAME)";
				TEST_TARGET_NAME = facebookPhoto;
				USES_XCTRUNNER = YES;
			};
			name = Debug;
		};
		B1EB88A11D1706F10065EAAB /* Release */ = {
			isa = XCBuildConfiguration;
			buildSettings = {
				INFOPLIST_FILE = facebookPhotoUITests/Info.plist;
				LD_RUNPATH_SEARCH_PATHS = "$(inherited) @executable_path/Frameworks @loader_path/Frameworks";
				PRODUCT_BUNDLE_IDENTIFIER = com.nicholaswallen.facebookPhotoUITests;
				PRODUCT_NAME = "$(TARGET_NAME)";
				TEST_TARGET_NAME = facebookPhoto;
				USES_XCTRUNNER = YES;
			};
			name = Release;
		};
/* End XCBuildConfiguration section */

/* Begin XCConfigurationList section */
		B1EB886C1D1706F10065EAAB /* Build configuration list for PBXProject "facebookPhoto" */ = {
			isa = XCConfigurationList;
			buildConfigurations = (
				B1EB88971D1706F10065EAAB /* Debug */,
				B1EB88981D1706F10065EAAB /* Release */,
			);
			defaultConfigurationIsVisible = 0;
			defaultConfigurationName = Release;
		};
		B1EB88991D1706F10065EAAB /* Build configuration list for PBXNativeTarget "facebookPhoto" */ = {
			isa = XCConfigurationList;
			buildConfigurations = (
				B1EB889A1D1706F10065EAAB /* Debug */,
				B1EB889B1D1706F10065EAAB /* Release */,
			);
			defaultConfigurationIsVisible = 0;
			defaultConfigurationName = Release;
		};
		B1EB889C1D1706F10065EAAB /* Build configuration list for PBXNativeTarget "facebookPhotoTests" */ = {
			isa = XCConfigurationList;
			buildConfigurations = (
				B1EB889D1D1706F10065EAAB /* Debug */,
				B1EB889E1D1706F10065EAAB /* Release */,
			);
			defaultConfigurationIsVisible = 0;
			defaultConfigurationName = Release;
		};
		B1EB889F1D1706F10065EAAB /* Build configuration list for PBXNativeTarget "facebookPhotoUITests" */ = {
			isa = XCConfigurationList;
			buildConfigurations = (
				B1EB88A01D1706F10065EAAB /* Debug */,
				B1EB88A11D1706F10065EAAB /* Release */,
			);
			defaultConfigurationIsVisible = 0;
			defaultConfigurationName = Release;
		};
/* End XCConfigurationList section */
	};
	rootObject = B1EB88691D1706F10065EAAB /* Project object */;
}
